
Microsoft Visual Studio Solution File, Format Version 12.00
# Visual Studio Version 17
VisualStudioVersion = 17.9.34526.213
MinimumVisualStudioVersion = 10.0.40219.1
Project("{FAE04EC0-301F-11D3-BF4B-00C04F79EFBC}") = "CosmosDBAPI", "CosmosDBAPI.csproj", "{FE51B34F-E062-44D4-8A72-2C8E674FA2A3}"
EndProject
Global
	GlobalSection(SolutionConfigurationPlatforms) = preSolution
		Debug|Any CPU = Debug|Any CPU
		Release|Any CPU = Release|Any CPU
	EndGlobalSection
	GlobalSection(ProjectConfigurationPlatforms) = postSolution
		{FE51B34F-E062-44D4-8A72-2C8E674FA2A3}.Debug|Any CPU.ActiveCfg = Debug|Any CPU
		{FE51B34F-E062-44D4-8A72-2C8E674FA2A3}.Debug|Any CPU.Build.0 = Debug|Any CPU
		{FE51B34F-E062-44D4-8A72-2C8E674FA2A3}.Release|Any CPU.ActiveCfg = Release|Any CPU
		{FE51B34F-E062-44D4-8A72-2C8E674FA2A3}.Release|Any CPU.Build.0 = Release|Any CPU
	EndGlobalSection
	GlobalSection(SolutionProperties) = preSolution
		HideSolutionNode = FALSE
	EndGlobalSection
	GlobalSection(ExtensibilityGlobals) = postSolution
		SolutionGuid = {FA8371CD-3F8F-418F-B866-57AC0E6D7B40}
	EndGlobalSection
EndGlobal
